
Microsoft Visual Studio Solution File, Format Version 12.00
# Visual Studio Version 17
VisualStudioVersion = 17.13.35931.197 d17.13
MinimumVisualStudioVersion = 10.0.40219.1
Project("{FAE04EC0-301F-11D3-BF4B-00C04F79EFBC}") = "Aula3", "Aula3\Aula3.csproj", "{20061DEB-C2A5-497D-B3EC-BB81E98DEE90}"
EndProject
Global
	GlobalSection(SolutionConfigurationPlatforms) = preSolution
		Debug|Any CPU = Debug|Any CPU
		Release|Any CPU = Release|Any CPU
	EndGlobalSection
	GlobalSection(ProjectConfigurationPlatforms) = postSolution
		{20061DEB-C2A5-497D-B3EC-BB81E98DEE90}.Debug|Any CPU.ActiveCfg = Debug|Any CPU
		{20061DEB-C2A5-497D-B3EC-BB81E98DEE90}.Debug|Any CPU.Build.0 = Debug|Any CPU
		{20061DEB-C2A5-497D-B3EC-BB81E98DEE90}.Release|Any CPU.ActiveCfg = Release|Any CPU
		{20061DEB-C2A5-497D-B3EC-BB81E98DEE90}.Release|Any CPU.Build.0 = Release|Any CPU
	EndGlobalSection
	GlobalSection(SolutionProperties) = preSolution
		HideSolutionNode = FALSE
	EndGlobalSection
	GlobalSection(ExtensibilityGlobals) = postSolution
		SolutionGuid = {CE43541F-F103-4694-B3E6-D01C38A85D10}
	EndGlobalSection
EndGlobal
